// !$*UTF8*$!
{
	archiveVersion = 1;
	classes = {
	};
	objectVersion = 56;
	objects = {

/* Begin PBXBuildFile section */
		0702138D2BC3CEF400477E0E /* main.swift in Sources */ = {isa = PBXBuildFile; fileRef = 0702138C2BC3CEF400477E0E /* main.swift */; };
/* End PBXBuildFile section */

/* Begin PBXCopyFilesBuildPhase section */
		07C818DD2BB07E060085BB83 /* CopyFiles */ = {
			isa = PBXCopyFilesBuildPhase;
			buildActionMask = 2147483647;
			dstPath = /usr/share/man/man1/;
			dstSubfolderSpec = 0;
			files = (
			);
			runOnlyForDeploymentPostprocessing = 1;
		};
/* End PBXCopyFilesBuildPhase section */

/* Begin PBXFileReference section */
		070213832BC3BEF000477E0E /* main.swift */ = {isa = PBXFileReference; lastKnownFileType = sourcecode.swift; path = main.swift; sourceTree = "<group>"; };
		070213862BC3C90400477E0E /* main.swift */ = {isa = PBXFileReference; lastKnownFileType = sourcecode.swift; path = main.swift; sourceTree = "<group>"; };
		070213892BC3CA1500477E0E /* main.swift */ = {isa = PBXFileReference; lastKnownFileType = sourcecode.swift; path = main.swift; sourceTree = "<group>"; };
		0702138C2BC3CEF400477E0E /* main.swift */ = {isa = PBXFileReference; lastKnownFileType = sourcecode.swift; path = main.swift; sourceTree = "<group>"; };
		071247332BC019CE00271082 /* main.swift */ = {isa = PBXFileReference; lastKnownFileType = sourcecode.swift; path = main.swift; sourceTree = "<group>"; };
		072518DA2BBD9A990037E1D3 /* main.swift */ = {isa = PBXFileReference; lastKnownFileType = sourcecode.swift; path = main.swift; sourceTree = "<group>"; };
		073284D32BB4628700ADE8E3 /* main.swift */ = {isa = PBXFileReference; lastKnownFileType = sourcecode.swift; path = main.swift; sourceTree = "<group>"; };
		073284D62BB467E500ADE8E3 /* main.swift */ = {isa = PBXFileReference; lastKnownFileType = sourcecode.swift; path = main.swift; sourceTree = "<group>"; };
		073284D92BB4696600ADE8E3 /* main.swift */ = {isa = PBXFileReference; lastKnownFileType = sourcecode.swift; path = main.swift; sourceTree = "<group>"; };
		075694012BC3A3C600C5BE1A /* main.swift */ = {isa = PBXFileReference; lastKnownFileType = sourcecode.swift; path = main.swift; sourceTree = "<group>"; };
		075694082BC3A97E00C5BE1A /* main.swift */ = {isa = PBXFileReference; lastKnownFileType = sourcecode.swift; path = main.swift; sourceTree = "<group>"; };
		0756940B2BC3AD7100C5BE1A /* main.swift */ = {isa = PBXFileReference; lastKnownFileType = sourcecode.swift; path = main.swift; sourceTree = "<group>"; };
		07615B5C2BB85B03007659B1 /* main.swift */ = {isa = PBXFileReference; lastKnownFileType = sourcecode.swift; path = main.swift; sourceTree = "<group>"; };
		076585482BBF128D003324E3 /* main.swift */ = {isa = PBXFileReference; lastKnownFileType = sourcecode.swift; path = main.swift; sourceTree = "<group>"; };
		0765854B2BBFF738003324E3 /* main.swift */ = {isa = PBXFileReference; lastKnownFileType = sourcecode.swift; path = main.swift; sourceTree = "<group>"; };
		0765854E2BC007AB003324E3 /* main.swift */ = {isa = PBXFileReference; lastKnownFileType = sourcecode.swift; path = main.swift; sourceTree = "<group>"; };
		07883C5E2BB6FB7000AE760C /* main.swift */ = {isa = PBXFileReference; lastKnownFileType = sourcecode.swift; path = main.swift; sourceTree = "<group>"; };
		07883C612BB6FFD900AE760C /* main.swift */ = {isa = PBXFileReference; lastKnownFileType = sourcecode.swift; path = main.swift; sourceTree = "<group>"; };
		07A262532BB9B935004A2844 /* main.swift */ = {isa = PBXFileReference; lastKnownFileType = sourcecode.swift; path = main.swift; sourceTree = "<group>"; };
		07A262562BB9BE8F004A2844 /* main.swift */ = {isa = PBXFileReference; lastKnownFileType = sourcecode.swift; path = main.swift; sourceTree = "<group>"; };
		07A262592BB9BFD0004A2844 /* main.swift */ = {isa = PBXFileReference; lastKnownFileType = sourcecode.swift; path = main.swift; sourceTree = "<group>"; };
		07A2625C2BB9C347004A2844 /* main.swift */ = {isa = PBXFileReference; lastKnownFileType = sourcecode.swift; path = main.swift; sourceTree = "<group>"; };
		07A2625F2BB9C4A0004A2844 /* main.swift */ = {isa = PBXFileReference; lastKnownFileType = sourcecode.swift; path = main.swift; sourceTree = "<group>"; };
		07C818DF2BB07E060085BB83 /* Algorithm */ = {isa = PBXFileReference; explicitFileType = "compiled.mach-o.executable"; includeInIndex = 0; path = Algorithm; sourceTree = BUILT_PRODUCTS_DIR; };
		07C818E22BB07E060085BB83 /* main.swift */ = {isa = PBXFileReference; lastKnownFileType = sourcecode.swift; path = main.swift; sourceTree = "<group>"; };
		07C818EB2BB07E9C0085BB83 /* main.swift */ = {isa = PBXFileReference; fileEncoding = 4; lastKnownFileType = sourcecode.swift; path = main.swift; sourceTree = "<group>"; };
		07C818EC2BB07E9C0085BB83 /* main.swift */ = {isa = PBXFileReference; fileEncoding = 4; lastKnownFileType = sourcecode.swift; path = main.swift; sourceTree = "<group>"; };
		07C818ED2BB07E9C0085BB83 /* main.swift */ = {isa = PBXFileReference; fileEncoding = 4; lastKnownFileType = sourcecode.swift; path = main.swift; sourceTree = "<group>"; };
		07C818EE2BB07E9C0085BB83 /* linkedlist.swift */ = {isa = PBXFileReference; fileEncoding = 4; lastKnownFileType = sourcecode.swift; path = linkedlist.swift; sourceTree = "<group>"; };
		07D274E02BC0683A00B5E577 /* main.swift */ = {isa = PBXFileReference; lastKnownFileType = sourcecode.swift; path = main.swift; sourceTree = "<group>"; };
		07D274E32BC06A7100B5E577 /* main.swift */ = {isa = PBXFileReference; lastKnownFileType = sourcecode.swift; path = main.swift; sourceTree = "<group>"; };
		07D6D2A82BBAA7A100A41B85 /* main.swift */ = {isa = PBXFileReference; lastKnownFileType = sourcecode.swift; path = main.swift; sourceTree = "<group>"; };
		07D6D2AB2BBAAA1400A41B85 /* main.swift */ = {isa = PBXFileReference; lastKnownFileType = sourcecode.swift; path = main.swift; sourceTree = "<group>"; };
		07D6D2AE2BBBC04D00A41B85 /* main.swift */ = {isa = PBXFileReference; lastKnownFileType = sourcecode.swift; path = main.swift; sourceTree = "<group>"; };
		07D6D2B12BBBC1E100A41B85 /* main.swift */ = {isa = PBXFileReference; lastKnownFileType = sourcecode.swift; path = main.swift; sourceTree = "<group>"; };
		07D6D2B42BBBC25900A41B85 /* main.swift */ = {isa = PBXFileReference; lastKnownFileType = sourcecode.swift; path = main.swift; sourceTree = "<group>"; };
		07D6D2B72BBBC33500A41B85 /* main.swift */ = {isa = PBXFileReference; lastKnownFileType = sourcecode.swift; path = main.swift; sourceTree = "<group>"; };
		07D6D2BA2BBBC45B00A41B85 /* main.swift */ = {isa = PBXFileReference; lastKnownFileType = sourcecode.swift; path = main.swift; sourceTree = "<group>"; };
		07D6D2C12BBBCAB500A41B85 /* main.swift */ = {isa = PBXFileReference; lastKnownFileType = sourcecode.swift; path = main.swift; sourceTree = "<group>"; };
/* End PBXFileReference section */

/* Begin PBXFrameworksBuildPhase section */
		07C818DC2BB07E060085BB83 /* Frameworks */ = {
			isa = PBXFrameworksBuildPhase;
			buildActionMask = 2147483647;
			files = (
			);
			runOnlyForDeploymentPostprocessing = 0;
		};
/* End PBXFrameworksBuildPhase section */

/* Begin PBXGroup section */
		070213852BC3C25B00477E0E /* [1152] */ = {
			isa = PBXGroup;
			children = (
				070213862BC3C90400477E0E /* main.swift */,
			);
			path = "[1152]";
			sourceTree = "<group>";
		};
		070213882BC3CA0600477E0E /* [2908] */ = {
			isa = PBXGroup;
			children = (
				070213892BC3CA1500477E0E /* main.swift */,
			);
			path = "[2908]";
			sourceTree = "<group>";
		};
		0702138B2BC3CEE800477E0E /* [5622] */ = {
			isa = PBXGroup;
			children = (
				0702138C2BC3CEF400477E0E /* main.swift */,
			);
			path = "[5622]";
			sourceTree = "<group>";
		};
		071247322BC019BD00271082 /* [BOJ_1546] 평균 */ = {
			isa = PBXGroup;
			children = (
				071247332BC019CE00271082 /* main.swift */,
			);
			name = "[BOJ_1546] 평균";
			path = "[BOJ_1546] 평균";
			sourceTree = "<group>";
		};
		071D98902BC0680B001B1386 /* [BOJ_27866] 문자열 */ = {
			isa = PBXGroup;
			children = (
				07D274E02BC0683A00B5E577 /* main.swift */,
			);
			name = "[BOJ_27866] 문자열";
			path = "[BOJ_27866] 문자열";
			sourceTree = "<group>";
		};
		072518D92BBD9A850037E1D3 /* [BOJ_10871] X보다 작은 수 */ = {
			isa = PBXGroup;
			children = (
				072518DA2BBD9A990037E1D3 /* main.swift */,
			);
			name = "[BOJ_10871] X보다 작은 수";
			path = "[BOJ_10871] X보다 작은 수";
			sourceTree = "<group>";
		};
		073284D22BB4622C00ADE8E3 /* [BOJ_1330] 두 수 비교하기 */ = {
			isa = PBXGroup;
			children = (
				073284D32BB4628700ADE8E3 /* main.swift */,
			);
			name = "[BOJ_1330] 두 수 비교하기";
			path = "[BOJ_1330] 두 수 비교하기";
			sourceTree = "<group>";
		};
		073284D52BB467C500ADE8E3 /* [BOJ_9498] 시험 성적 */ = {
			isa = PBXGroup;
			children = (
				073284D62BB467E500ADE8E3 /* main.swift */,
			);
			name = "[BOJ_9498] 시험 성적";
			path = "[BOJ_9498] 시험 성적";
			sourceTree = "<group>";
		};
		073284D82BB4694800ADE8E3 /* [BOJ_2753] 윤년 */ = {
			isa = PBXGroup;
			children = (
				073284D92BB4696600ADE8E3 /* main.swift */,
			);
			name = "[BOJ_2753] 윤년";
			path = "[BOJ_2753] 윤년";
			sourceTree = "<group>";
		};
		07363C7B2BB0804600B3F7B0 /* [BOJ_2588] 곱셈 */ = {
			isa = PBXGroup;
			children = (
				07C818EB2BB07E9C0085BB83 /* main.swift */,
			);
			name = "[BOJ_2588] 곱셈";
			path = "[BOJ_2588] 곱셈";
			sourceTree = "<group>";
		};
		07363C7C2BB0807500B3F7B0 /* [BOJ_10430] 나머지 */ = {
			isa = PBXGroup;
			children = (
				07C818EC2BB07E9C0085BB83 /* main.swift */,
			);
			name = "[BOJ_10430] 나머지";
			path = "[BOJ_10430] 나머지";
			sourceTree = "<group>";
		};
		07363C7E2BB080C400B3F7B0 /* [BOJ_18108] 연도변환 */ = {
			isa = PBXGroup;
			children = (
				07C818ED2BB07E9C0085BB83 /* main.swift */,
			);
			name = "[BOJ_18108] 연도변환";
			path = "[BOJ_18108] 연도변환";
			sourceTree = "<group>";
		};
		075694002BC3A3AF00C5BE1A /* [BOJ_9086] 문자열 */ = {
			isa = PBXGroup;
			children = (
				075694012BC3A3C600C5BE1A /* main.swift */,
			);
			name = "[BOJ_9086] 문자열";
			path = "[BOJ_9086] 문자열";
			sourceTree = "<group>";
		};
		075694072BC3A96400C5BE1A /* [BOJ_11720] 숫자의 합 */ = {
			isa = PBXGroup;
			children = (
				075694082BC3A97E00C5BE1A /* main.swift */,
			);
			name = "[BOJ_11720] 숫자의 합";
			path = "[BOJ_11720] 숫자의 합";
			sourceTree = "<group>";
		};
		0756940A2BC3AD5A00C5BE1A /* [BOJ_10809] 알파벳 찾기 */ = {
			isa = PBXGroup;
			children = (
				0756940B2BC3AD7100C5BE1A /* main.swift */,
			);
			name = "[BOJ_10809] 알파벳 찾기";
			path = "[BOJ_10809] 알파벳 찾기";
			sourceTree = "<group>";
		};
		0756940D2BC3BE8F00C5BE1A /* [2675] */ = {
			isa = PBXGroup;
			children = (
				070213832BC3BEF000477E0E /* main.swift */,
			);
			path = "[2675]";
			sourceTree = "<group>";
		};
		07615B5B2BB85AF2007659B1 /* [BOJ_2480] 주사위 세개 */ = {
			isa = PBXGroup;
			children = (
				07615B5C2BB85B03007659B1 /* main.swift */,
			);
			name = "[BOJ_2480] 주사위 세개";
			path = "[BOJ_2487] 주사위 세개";
			sourceTree = "<group>";
		};
		076585472BBF1277003324E3 /* [BOJ_2562] 최댓값 */ = {
			isa = PBXGroup;
			children = (
				076585482BBF128D003324E3 /* main.swift */,
			);
			name = "[BOJ_2562] 최댓값";
			path = "[BOJ_2562] 최댓값";
			sourceTree = "<group>";
		};
		0765854A2BBFF718003324E3 /* [BOJ_10810] 공 넣기 */ = {
			isa = PBXGroup;
			children = (
				0765854B2BBFF738003324E3 /* main.swift */,
			);
			name = "[BOJ_10810] 공 넣기";
			path = "[BOJ_10810] 공 넣기";
			sourceTree = "<group>";
		};
		0765854D2BC00796003324E3 /* [BOJ_10813] 공 바꾸기 */ = {
			isa = PBXGroup;
			children = (
				0765854E2BC007AB003324E3 /* main.swift */,
			);
			name = "[BOJ_10813] 공 바꾸기";
			path = "[BOJ_10813] 공 바꾸기";
			sourceTree = "<group>";
		};
		077CB7032BB0826500907415 /* [BOJ_11382] 꼬마 정민 */ = {
			isa = PBXGroup;
			children = (
				07C818E22BB07E060085BB83 /* main.swift */,
			);
			name = "[BOJ_11382] 꼬마 정민";
			path = "[BOJ_11382] 꼬마 정민";
			sourceTree = "<group>";
		};
		07883C5D2BB6FB5900AE760C /* [BOJ_14681] 사분면 고르기 */ = {
			isa = PBXGroup;
			children = (
				07883C5E2BB6FB7000AE760C /* main.swift */,
			);
			name = "[BOJ_14681] 사분면 고르기";
			path = "[BOJ_14681] 사분면 고르기";
			sourceTree = "<group>";
		};
		07883C602BB6FF5C00AE760C /* [BOJ_2884] 알람 시계 */ = {
			isa = PBXGroup;
			children = (
				07883C612BB6FFD900AE760C /* main.swift */,
			);
			name = "[BOJ_2884] 알람 시계";
			path = "[BOJ_2884] 알람 시계";
			sourceTree = "<group>";
		};
		07A262522BB9B922004A2844 /* [BOJ_2525] 오븐 시계 */ = {
			isa = PBXGroup;
			children = (
				07A262532BB9B935004A2844 /* main.swift */,
			);
			name = "[BOJ_2525] 오븐 시계";
			path = "[BOJ_2525] 오븐 시계";
			sourceTree = "<group>";
		};
		07A262552BB9BE7F004A2844 /* [BOJ_2739] 구구단 */ = {
			isa = PBXGroup;
			children = (
				07A262562BB9BE8F004A2844 /* main.swift */,
			);
			name = "[BOJ_2739] 구구단";
			path = "[BOJ_2739] 구구단";
			sourceTree = "<group>";
		};
		07A262582BB9BFB6004A2844 /* [BOJ_10950] A+B-3 */ = {
			isa = PBXGroup;
			children = (
				07A262592BB9BFD0004A2844 /* main.swift */,
			);
			path = "[BOJ_10950] A+B-3";
			sourceTree = "<group>";
		};
		07A2625B2BB9C338004A2844 /* [BOJ_8393] 합 */ = {
			isa = PBXGroup;
			children = (
				07A2625C2BB9C347004A2844 /* main.swift */,
			);
			name = "[BOJ_8393] 합";
			path = "[BOJ_8393] 합";
			sourceTree = "<group>";
		};
		07A2625E2BB9C48E004A2844 /* [BOJ_25304] 영수증 */ = {
			isa = PBXGroup;
			children = (
				07A2625F2BB9C4A0004A2844 /* main.swift */,
			);
			name = "[BOJ_25304] 영수증";
			path = "[BOJ_25304] 영수증";
			sourceTree = "<group>";
		};
		07B16B2B2BBAA76A00489172 /* [BOJ_25314] N바이트 정수 */ = {
			isa = PBXGroup;
			children = (
				07D6D2A82BBAA7A100A41B85 /* main.swift */,
			);
			name = "[BOJ_25314] N바이트 정수";
			path = "[BOJ_25314] N바이트 정수";
			sourceTree = "<group>";
		};
		07C818D62BB07E060085BB83 = {
			isa = PBXGroup;
			children = (
				07C818E12BB07E060085BB83 /* Algorithm */,
				07C818E02BB07E060085BB83 /* Products */,
			);
			sourceTree = "<group>";
		};
		07C818E02BB07E060085BB83 /* Products */ = {
			isa = PBXGroup;
			children = (
				07C818DF2BB07E060085BB83 /* Algorithm */,
			);
			name = Products;
			sourceTree = "<group>";
		};
		07C818E12BB07E060085BB83 /* Algorithm */ = {
			isa = PBXGroup;
			children = (
				07C818F62BB080170085BB83 /* BaekJoon */,
				07C818EE2BB07E9C0085BB83 /* linkedlist.swift */,
			);
			path = Algorithm;
			sourceTree = "<group>";
		};
		07C818F62BB080170085BB83 /* BaekJoon */ = {
			isa = PBXGroup;
			children = (
				0702138B2BC3CEE800477E0E /* [5622] */,
				070213882BC3CA0600477E0E /* [2908] */,
				070213852BC3C25B00477E0E /* [1152] */,
				0756940D2BC3BE8F00C5BE1A /* [2675] */,
				0756940A2BC3AD5A00C5BE1A /* [BOJ_10809] 알파벳 찾기 */,
				075694072BC3A96400C5BE1A /* [BOJ_11720] 숫자의 합 */,
				075694002BC3A3AF00C5BE1A /* [BOJ_9086] 문자열 */,
				07D274E22BC06A5C00B5E577 /* [BOJ_2743] 단어 길이 재기 */,
				071D98902BC0680B001B1386 /* [BOJ_27866] 문자열 */,
				071247322BC019BD00271082 /* [BOJ_1546] 평균 */,
				0765854D2BC00796003324E3 /* [BOJ_10813] 공 바꾸기 */,
				0765854A2BBFF718003324E3 /* [BOJ_10810] 공 넣기 */,
				076585472BBF1277003324E3 /* [BOJ_2562] 최댓값 */,
				072518D92BBD9A850037E1D3 /* [BOJ_10871] X보다 작은 수 */,
				07D6D2BF2BBBCA9B00A41B85 /* [BOJ_10807] 개수 세기 */,
				07D6D2B92BBBC44700A41B85 /* [BOJ_10952] A+B -5 */,
				07D6D2B62BBBC30A00A41B85 /* [BOJ_2439] 별 찍기 -2 */,
				07D6D2B32BBBC24700A41B85 /* [BOJ_2438] 별 찍기 -1 */,
				07D6D2B02BBBC1D000A41B85 /* [BOJ_11022] A+B -8 */,
				07D6D2AD2BBBC02E00A41B85 /* [BOJ_11021] A+B -7 */,
				07D6D2AA2BBAAA0000A41B85 /* [BOJ_15552] 빠른 A+B */,
				07B16B2B2BBAA76A00489172 /* [BOJ_25314] N바이트 정수 */,
				07A2625E2BB9C48E004A2844 /* [BOJ_25304] 영수증 */,
				07A2625B2BB9C338004A2844 /* [BOJ_8393] 합 */,
				07A262582BB9BFB6004A2844 /* [BOJ_10950] A+B-3 */,
				07A262552BB9BE7F004A2844 /* [BOJ_2739] 구구단 */,
				07A262522BB9B922004A2844 /* [BOJ_2525] 오븐 시계 */,
				07615B5B2BB85AF2007659B1 /* [BOJ_2480] 주사위 세개 */,
				07883C602BB6FF5C00AE760C /* [BOJ_2884] 알람 시계 */,
				07883C5D2BB6FB5900AE760C /* [BOJ_14681] 사분면 고르기 */,
				073284D82BB4694800ADE8E3 /* [BOJ_2753] 윤년 */,
				073284D52BB467C500ADE8E3 /* [BOJ_9498] 시험 성적 */,
				073284D22BB4622C00ADE8E3 /* [BOJ_1330] 두 수 비교하기 */,
				077CB7032BB0826500907415 /* [BOJ_11382] 꼬마 정민 */,
				07363C7E2BB080C400B3F7B0 /* [BOJ_18108] 연도변환 */,
				07363C7C2BB0807500B3F7B0 /* [BOJ_10430] 나머지 */,
				07363C7B2BB0804600B3F7B0 /* [BOJ_2588] 곱셈 */,
			);
			path = BaekJoon;
			sourceTree = "<group>";
		};
		07D274E22BC06A5C00B5E577 /* [BOJ_2743] 단어 길이 재기 */ = {
			isa = PBXGroup;
			children = (
				07D274E32BC06A7100B5E577 /* main.swift */,
			);
			name = "[BOJ_2743] 단어 길이 재기";
			path = "[BOJ_2743] 단어 길이 재기";
			sourceTree = "<group>";
		};
		07D6D2AA2BBAAA0000A41B85 /* [BOJ_15552] 빠른 A+B */ = {
			isa = PBXGroup;
			children = (
				07D6D2AB2BBAAA1400A41B85 /* main.swift */,
			);
			name = "[BOJ_15552] 빠른 A+B";
			path = "[BOJ_15552] 빠른 A+B";
			sourceTree = "<group>";
		};
		07D6D2AD2BBBC02E00A41B85 /* [BOJ_11021] A+B -7 */ = {
			isa = PBXGroup;
			children = (
				07D6D2AE2BBBC04D00A41B85 /* main.swift */,
			);
			path = "[BOJ_11021] A+B -7";
			sourceTree = "<group>";
		};
		07D6D2B02BBBC1D000A41B85 /* [BOJ_11022] A+B -8 */ = {
			isa = PBXGroup;
			children = (
				07D6D2B12BBBC1E100A41B85 /* main.swift */,
			);
			path = "[BOJ_11022] A+B -8";
			sourceTree = "<group>";
		};
		07D6D2B32BBBC24700A41B85 /* [BOJ_2438] 별 찍기 -1 */ = {
			isa = PBXGroup;
			children = (
				07D6D2B42BBBC25900A41B85 /* main.swift */,
			);
			name = "[BOJ_2438] 별 찍기 -1";
			path = "[BOJ_2438] 별 찍기 -1";
			sourceTree = "<group>";
		};
		07D6D2B62BBBC30A00A41B85 /* [BOJ_2439] 별 찍기 -2 */ = {
			isa = PBXGroup;
			children = (
				07D6D2B72BBBC33500A41B85 /* main.swift */,
			);
			name = "[BOJ_2439] 별 찍기 -2";
			path = "[BOJ_2439] 별 찍기 -2";
			sourceTree = "<group>";
		};
		07D6D2B92BBBC44700A41B85 /* [BOJ_10952] A+B -5 */ = {
			isa = PBXGroup;
			children = (
				07D6D2BA2BBBC45B00A41B85 /* main.swift */,
			);
			path = "[BOJ_10952] A+B -5";
			sourceTree = "<group>";
		};
		07D6D2BF2BBBCA9B00A41B85 /* [BOJ_10807] 개수 세기 */ = {
			isa = PBXGroup;
			children = (
				07D6D2C12BBBCAB500A41B85 /* main.swift */,
			);
			name = "[BOJ_10807] 개수 세기";
			path = "[BOJ_10807] 개수 세기";
			sourceTree = "<group>";
		};
/* End PBXGroup section */

/* Begin PBXNativeTarget section */
		07C818DE2BB07E060085BB83 /* Algorithm */ = {
			isa = PBXNativeTarget;
			buildConfigurationList = 07C818E62BB07E060085BB83 /* Build configuration list for PBXNativeTarget "Algorithm" */;
			buildPhases = (
				07C818DB2BB07E060085BB83 /* Sources */,
				07C818DC2BB07E060085BB83 /* Frameworks */,
				07C818DD2BB07E060085BB83 /* CopyFiles */,
			);
			buildRules = (
			);
			dependencies = (
			);
			name = Algorithm;
			productName = Algorithm;
			productReference = 07C818DF2BB07E060085BB83 /* Algorithm */;
			productType = "com.apple.product-type.tool";
		};
/* End PBXNativeTarget section */

/* Begin PBXProject section */
		07C818D72BB07E060085BB83 /* Project object */ = {
			isa = PBXProject;
			attributes = {
				BuildIndependentTargetsInParallel = 1;
				LastSwiftUpdateCheck = 1530;
				LastUpgradeCheck = 1530;
				TargetAttributes = {
					07C818DE2BB07E060085BB83 = {
						CreatedOnToolsVersion = 15.3;
						LastSwiftMigration = 1530;
					};
				};
			};
			buildConfigurationList = 07C818DA2BB07E060085BB83 /* Build configuration list for PBXProject "Algorithm" */;
			compatibilityVersion = "Xcode 14.0";
			developmentRegion = en;
			hasScannedForEncodings = 0;
			knownRegions = (
				en,
				Base,
			);
			mainGroup = 07C818D62BB07E060085BB83;
			productRefGroup = 07C818E02BB07E060085BB83 /* Products */;
			projectDirPath = "";
			projectRoot = "";
			targets = (
				07C818DE2BB07E060085BB83 /* Algorithm */,
			);
		};
/* End PBXProject section */

/* Begin PBXSourcesBuildPhase section */
		07C818DB2BB07E060085BB83 /* Sources */ = {
			isa = PBXSourcesBuildPhase;
			buildActionMask = 2147483647;
			files = (
				0702138D2BC3CEF400477E0E /* main.swift in Sources */,
			);
			runOnlyForDeploymentPostprocessing = 0;
		};
/* End PBXSourcesBuildPhase section */

/* Begin XCBuildConfiguration section */
		07C818E42BB07E060085BB83 /* Debug */ = {
			isa = XCBuildConfiguration;
			buildSettings = {
				ALWAYS_SEARCH_USER_PATHS = NO;
				ASSETCATALOG_COMPILER_GENERATE_SWIFT_ASSET_SYMBOL_EXTENSIONS = YES;
				CLANG_ANALYZER_NONNULL = YES;
				CLANG_ANALYZER_NUMBER_OBJECT_CONVERSION = YES_AGGRESSIVE;
				CLANG_CXX_LANGUAGE_STANDARD = "gnu++20";
				CLANG_ENABLE_MODULES = YES;
				CLANG_ENABLE_OBJC_ARC = YES;
				CLANG_ENABLE_OBJC_WEAK = YES;
				CLANG_WARN_BLOCK_CAPTURE_AUTORELEASING = YES;
				CLANG_WARN_BOOL_CONVERSION = YES;
				CLANG_WARN_COMMA = YES;
				CLANG_WARN_CONSTANT_CONVERSION = YES;
				CLANG_WARN_DEPRECATED_OBJC_IMPLEMENTATIONS = YES;
				CLANG_WARN_DIRECT_OBJC_ISA_USAGE = YES_ERROR;
				CLANG_WARN_DOCUMENTATION_COMMENTS = YES;
				CLANG_WARN_EMPTY_BODY = YES;
				CLANG_WARN_ENUM_CONVERSION = YES;
				CLANG_WARN_INFINITE_RECURSION = YES;
				CLANG_WARN_INT_CONVERSION = YES;
				CLANG_WARN_NON_LITERAL_NULL_CONVERSION = YES;
				CLANG_WARN_OBJC_IMPLICIT_RETAIN_SELF = YES;
				CLANG_WARN_OBJC_LITERAL_CONVERSION = YES;
				CLANG_WARN_OBJC_ROOT_CLASS = YES_ERROR;
				CLANG_WARN_QUOTED_INCLUDE_IN_FRAMEWORK_HEADER = YES;
				CLANG_WARN_RANGE_LOOP_ANALYSIS = YES;
				CLANG_WARN_STRICT_PROTOTYPES = YES;
				CLANG_WARN_SUSPICIOUS_MOVE = YES;
				CLANG_WARN_UNGUARDED_AVAILABILITY = YES_AGGRESSIVE;
				CLANG_WARN_UNREACHABLE_CODE = YES;
				CLANG_WARN__DUPLICATE_METHOD_MATCH = YES;
				COPY_PHASE_STRIP = NO;
				DEBUG_INFORMATION_FORMAT = dwarf;
				ENABLE_STRICT_OBJC_MSGSEND = YES;
				ENABLE_TESTABILITY = YES;
				ENABLE_USER_SCRIPT_SANDBOXING = YES;
				GCC_C_LANGUAGE_STANDARD = gnu17;
				GCC_DYNAMIC_NO_PIC = NO;
				GCC_NO_COMMON_BLOCKS = YES;
				GCC_OPTIMIZATION_LEVEL = 0;
				GCC_PREPROCESSOR_DEFINITIONS = (
					"DEBUG=1",
					"$(inherited)",
				);
				GCC_WARN_64_TO_32_BIT_CONVERSION = YES;
				GCC_WARN_ABOUT_RETURN_TYPE = YES_ERROR;
				GCC_WARN_UNDECLARED_SELECTOR = YES;
				GCC_WARN_UNINITIALIZED_AUTOS = YES_AGGRESSIVE;
				GCC_WARN_UNUSED_FUNCTION = YES;
				GCC_WARN_UNUSED_VARIABLE = YES;
				LOCALIZATION_PREFERS_STRING_CATALOGS = YES;
				MACOSX_DEPLOYMENT_TARGET = 14.1;
				MTL_ENABLE_DEBUG_INFO = INCLUDE_SOURCE;
				MTL_FAST_MATH = YES;
				ONLY_ACTIVE_ARCH = YES;
				SDKROOT = macosx;
				SWIFT_ACTIVE_COMPILATION_CONDITIONS = "DEBUG $(inherited)";
				SWIFT_OPTIMIZATION_LEVEL = "-Onone";
			};
			name = Debug;
		};
		07C818E52BB07E060085BB83 /* Release */ = {
			isa = XCBuildConfiguration;
			buildSettings = {
				ALWAYS_SEARCH_USER_PATHS = NO;
				ASSETCATALOG_COMPILER_GENERATE_SWIFT_ASSET_SYMBOL_EXTENSIONS = YES;
				CLANG_ANALYZER_NONNULL = YES;
				CLANG_ANALYZER_NUMBER_OBJECT_CONVERSION = YES_AGGRESSIVE;
				CLANG_CXX_LANGUAGE_STANDARD = "gnu++20";
				CLANG_ENABLE_MODULES = YES;
				CLANG_ENABLE_OBJC_ARC = YES;
				CLANG_ENABLE_OBJC_WEAK = YES;
				CLANG_WARN_BLOCK_CAPTURE_AUTORELEASING = YES;
				CLANG_WARN_BOOL_CONVERSION = YES;
				CLANG_WARN_COMMA = YES;
				CLANG_WARN_CONSTANT_CONVERSION = YES;
				CLANG_WARN_DEPRECATED_OBJC_IMPLEMENTATIONS = YES;
				CLANG_WARN_DIRECT_OBJC_ISA_USAGE = YES_ERROR;
				CLANG_WARN_DOCUMENTATION_COMMENTS = YES;
				CLANG_WARN_EMPTY_BODY = YES;
				CLANG_WARN_ENUM_CONVERSION = YES;
				CLANG_WARN_INFINITE_RECURSION = YES;
				CLANG_WARN_INT_CONVERSION = YES;
				CLANG_WARN_NON_LITERAL_NULL_CONVERSION = YES;
				CLANG_WARN_OBJC_IMPLICIT_RETAIN_SELF = YES;
				CLANG_WARN_OBJC_LITERAL_CONVERSION = YES;
				CLANG_WARN_OBJC_ROOT_CLASS = YES_ERROR;
				CLANG_WARN_QUOTED_INCLUDE_IN_FRAMEWORK_HEADER = YES;
				CLANG_WARN_RANGE_LOOP_ANALYSIS = YES;
				CLANG_WARN_STRICT_PROTOTYPES = YES;
				CLANG_WARN_SUSPICIOUS_MOVE = YES;
				CLANG_WARN_UNGUARDED_AVAILABILITY = YES_AGGRESSIVE;
				CLANG_WARN_UNREACHABLE_CODE = YES;
				CLANG_WARN__DUPLICATE_METHOD_MATCH = YES;
				COPY_PHASE_STRIP = NO;
				DEBUG_INFORMATION_FORMAT = "dwarf-with-dsym";
				ENABLE_NS_ASSERTIONS = NO;
				ENABLE_STRICT_OBJC_MSGSEND = YES;
				ENABLE_USER_SCRIPT_SANDBOXING = YES;
				GCC_C_LANGUAGE_STANDARD = gnu17;
				GCC_NO_COMMON_BLOCKS = YES;
				GCC_WARN_64_TO_32_BIT_CONVERSION = YES;
				GCC_WARN_ABOUT_RETURN_TYPE = YES_ERROR;
				GCC_WARN_UNDECLARED_SELECTOR = YES;
				GCC_WARN_UNINITIALIZED_AUTOS = YES_AGGRESSIVE;
				GCC_WARN_UNUSED_FUNCTION = YES;
				GCC_WARN_UNUSED_VARIABLE = YES;
				LOCALIZATION_PREFERS_STRING_CATALOGS = YES;
				MACOSX_DEPLOYMENT_TARGET = 14.1;
				MTL_ENABLE_DEBUG_INFO = NO;
				MTL_FAST_MATH = YES;
				SDKROOT = macosx;
				SWIFT_COMPILATION_MODE = wholemodule;
			};
			name = Release;
		};
		07C818E72BB07E060085BB83 /* Debug */ = {
			isa = XCBuildConfiguration;
			buildSettings = {
				CLANG_ENABLE_MODULES = YES;
				CODE_SIGN_STYLE = Automatic;
				DEVELOPMENT_TEAM = VGKCD7Q8NW;
				ENABLE_HARDENED_RUNTIME = YES;
				PRODUCT_NAME = "$(TARGET_NAME)";
				SWIFT_OPTIMIZATION_LEVEL = "-Onone";
				SWIFT_VERSION = 5.0;
			};
			name = Debug;
		};
		07C818E82BB07E060085BB83 /* Release */ = {
			isa = XCBuildConfiguration;
			buildSettings = {
				CLANG_ENABLE_MODULES = YES;
				CODE_SIGN_STYLE = Automatic;
				DEVELOPMENT_TEAM = VGKCD7Q8NW;
				ENABLE_HARDENED_RUNTIME = YES;
				PRODUCT_NAME = "$(TARGET_NAME)";
				SWIFT_VERSION = 5.0;
			};
			name = Release;
		};
/* End XCBuildConfiguration section */

/* Begin XCConfigurationList section */
		07C818DA2BB07E060085BB83 /* Build configuration list for PBXProject "Algorithm" */ = {
			isa = XCConfigurationList;
			buildConfigurations = (
				07C818E42BB07E060085BB83 /* Debug */,
				07C818E52BB07E060085BB83 /* Release */,
			);
			defaultConfigurationIsVisible = 0;
			defaultConfigurationName = Release;
		};
		07C818E62BB07E060085BB83 /* Build configuration list for PBXNativeTarget "Algorithm" */ = {
			isa = XCConfigurationList;
			buildConfigurations = (
				07C818E72BB07E060085BB83 /* Debug */,
				07C818E82BB07E060085BB83 /* Release */,
			);
			defaultConfigurationIsVisible = 0;
			defaultConfigurationName = Release;
		};
/* End XCConfigurationList section */
	};
	rootObject = 07C818D72BB07E060085BB83 /* Project object */;
}
