// !$*UTF8*$!
{
	archiveVersion = 1;
	classes = {
	};
	objectVersion = 70;
	objects = {

/* Begin PBXCopyFilesBuildPhase section */
		07C818DD2BB07E060085BB83 /* CopyFiles */ = {
			isa = PBXCopyFilesBuildPhase;
			buildActionMask = 2147483647;
			dstPath = /usr/share/man/man1/;
			dstSubfolderSpec = 0;
			files = (
			);
			runOnlyForDeploymentPostprocessing = 1;
		};
/* End PBXCopyFilesBuildPhase section */

/* Begin PBXFileReference section */
		072289142C8ECC0C007C94CF /* main.swift */ = {isa = PBXFileReference; lastKnownFileType = sourcecode.swift; path = main.swift; sourceTree = "<group>"; };
		07533ACC2C903AE400F5CF47 /* main.swift */ = {isa = PBXFileReference; lastKnownFileType = sourcecode.swift; path = main.swift; sourceTree = "<group>"; };
		07533ACF2C90418100F5CF47 /* main.swift */ = {isa = PBXFileReference; lastKnownFileType = sourcecode.swift; path = main.swift; sourceTree = "<group>"; };
		07533AD22C90453500F5CF47 /* main.swift */ = {isa = PBXFileReference; lastKnownFileType = sourcecode.swift; path = main.swift; sourceTree = "<group>"; };
		07533AE12C92EF8500F5CF47 /* main.swift */ = {isa = PBXFileReference; lastKnownFileType = sourcecode.swift; path = main.swift; sourceTree = "<group>"; };
		07533AE42C92FD0700F5CF47 /* main.swift */ = {isa = PBXFileReference; lastKnownFileType = sourcecode.swift; path = main.swift; sourceTree = "<group>"; };
		079A5DA22C8752AE00022D26 /* main.swift */ = {isa = PBXFileReference; lastKnownFileType = sourcecode.swift; path = main.swift; sourceTree = "<group>"; };
		07AD2BE72C894B3E00E5C3A1 /* main.swift */ = {isa = PBXFileReference; lastKnownFileType = sourcecode.swift; path = main.swift; sourceTree = "<group>"; };
		07AD2BEA2C894FD600E5C3A1 /* main.swift */ = {isa = PBXFileReference; lastKnownFileType = sourcecode.swift; path = main.swift; sourceTree = "<group>"; };
		07C818DF2BB07E060085BB83 /* Algorithm */ = {isa = PBXFileReference; explicitFileType = "compiled.mach-o.executable"; includeInIndex = 0; path = Algorithm; sourceTree = BUILT_PRODUCTS_DIR; };
/* End PBXFileReference section */

/* Begin PBXFileSystemSynchronizedBuildFileExceptionSet section */
		07F0E6712DAB59FD00086790 /* PBXFileSystemSynchronizedBuildFileExceptionSet */ = {
			isa = PBXFileSystemSynchronizedBuildFileExceptionSet;
			membershipExceptions = (
				"Tier 4/3584.swift",
			);
			target = 07C818DE2BB07E060085BB83 /* Algorithm */;
		};
/* End PBXFileSystemSynchronizedBuildFileExceptionSet section */

/* Begin PBXFileSystemSynchronizedRootGroup section */
		07094C6F2D895357002D04AA /* Bronze */ = {isa = PBXFileSystemSynchronizedRootGroup; explicitFileTypes = {}; explicitFolders = (); path = Bronze; sourceTree = "<group>"; };
		07094C702D89535B002D04AA /* Silver */ = {isa = PBXFileSystemSynchronizedRootGroup; explicitFileTypes = {}; explicitFolders = (); path = Silver; sourceTree = "<group>"; };
		07094C712D895360002D04AA /* Gold */ = {isa = PBXFileSystemSynchronizedRootGroup; exceptions = (07F0E6712DAB59FD00086790 /* PBXFileSystemSynchronizedBuildFileExceptionSet */, ); explicitFileTypes = {}; explicitFolders = (); path = Gold; sourceTree = "<group>"; };
		0713EF092CA32CA40044BB6B /* [125] Valid Palindrome */ = {isa = PBXFileSystemSynchronizedRootGroup; explicitFileTypes = {}; explicitFolders = (); path = "[125] Valid Palindrome"; sourceTree = "<group>"; };
		072ADDC62D0816DB0034EE17 /* [104] Maximum Depth of Binary Tree */ = {isa = PBXFileSystemSynchronizedRootGroup; explicitFileTypes = {}; explicitFolders = (); path = "[104] Maximum Depth of Binary Tree"; sourceTree = "<group>"; };
		072ADDCA2D0825E10034EE17 /* [105] Construct Binary Tree from Preorder and Inorder Traversal */ = {isa = PBXFileSystemSynchronizedRootGroup; explicitFileTypes = {}; explicitFolders = (); path = "[105] Construct Binary Tree from Preorder and Inorder Traversal"; sourceTree = "<group>"; };
		072ADDD32D08454F0034EE17 /* [606] Construct String from Binary Tree */ = {isa = PBXFileSystemSynchronizedRootGroup; explicitFileTypes = {}; explicitFolders = (); path = "[606] Construct String from Binary Tree"; sourceTree = "<group>"; };
		072ADDD72D0955840034EE17 /* [215] Kth Largest Element in an Array */ = {isa = PBXFileSystemSynchronizedRootGroup; explicitFileTypes = {}; explicitFolders = (); path = "[215] Kth Largest Element in an Array"; sourceTree = "<group>"; };
		072ADDDB2D096A470034EE17 /* [767] Reorganize String */ = {isa = PBXFileSystemSynchronizedRootGroup; explicitFileTypes = {}; explicitFolders = (); path = "[767] Reorganize String"; sourceTree = "<group>"; };
		072ADDDF2D0AC4740034EE17 /* [692] Top K Frequent Words */ = {isa = PBXFileSystemSynchronizedRootGroup; explicitFileTypes = {}; explicitFolders = (); path = "[692] Top K Frequent Words"; sourceTree = "<group>"; };
		072ADDE32D0AD04B0034EE17 /* [973] K Closest Points to Origin */ = {isa = PBXFileSystemSynchronizedRootGroup; explicitFileTypes = {}; explicitFolders = (); path = "[973] K Closest Points to Origin"; sourceTree = "<group>"; };
		072ADDE72D0D47DA0034EE17 /* [98] Validate Binary Search Tree */ = {isa = PBXFileSystemSynchronizedRootGroup; explicitFileTypes = {}; explicitFolders = (); path = "[98] Validate Binary Search Tree"; sourceTree = "<group>"; };
		072ADDEC2D0D4CD80034EE17 /* [235] Lowest Common Ancestor of a Binary Search Tree */ = {isa = PBXFileSystemSynchronizedRootGroup; explicitFileTypes = {}; explicitFolders = (); path = "[235] Lowest Common Ancestor of a Binary Search Tree"; sourceTree = "<group>"; };
		072ADDF02D0D75670034EE17 /* [110] Balanced Binary Tree */ = {isa = PBXFileSystemSynchronizedRootGroup; explicitFileTypes = {}; explicitFolders = (); path = "[110] Balanced Binary Tree"; sourceTree = "<group>"; };
		072ADDF52D0D7E750034EE17 /* [108] Convert Sorted Array to Binary Search Tree */ = {isa = PBXFileSystemSynchronizedRootGroup; explicitFileTypes = {}; explicitFolders = (); path = "[108] Convert Sorted Array to Binary Search Tree"; sourceTree = "<group>"; };
		072ADDF92D0D80E80034EE17 /* [938] Range Sum of BST */ = {isa = PBXFileSystemSynchronizedRootGroup; explicitFileTypes = {}; explicitFolders = (); path = "[938] Range Sum of BST"; sourceTree = "<group>"; };
		072ADDFD2D0D915E0034EE17 /* [783] Minimum Distance Between BST Nodes */ = {isa = PBXFileSystemSynchronizedRootGroup; explicitFileTypes = {}; explicitFolders = (); path = "[783] Minimum Distance Between BST Nodes"; sourceTree = "<group>"; };
		072ADE312D10FA2D0034EE17 /* [841] Key and Rooms */ = {isa = PBXFileSystemSynchronizedRootGroup; explicitFileTypes = {}; explicitFolders = (); path = "[841] Key and Rooms"; sourceTree = "<group>"; };
		072ADE352D10FE110034EE17 /* [200] Number of Islands */ = {isa = PBXFileSystemSynchronizedRootGroup; explicitFileTypes = {}; explicitFolders = (); path = "[200] Number of Islands"; sourceTree = "<group>"; };
		074BFFCB2CB7544D000773CA /* [876] Middle of the Linked List */ = {isa = PBXFileSystemSynchronizedRootGroup; explicitFileTypes = {}; explicitFolders = (); path = "[876] Middle of the Linked List"; sourceTree = "<group>"; };
		074BFFCF2CB7555F000773CA /* [206] Reverse Linked List */ = {isa = PBXFileSystemSynchronizedRootGroup; explicitFileTypes = {}; explicitFolders = (); path = "[206] Reverse Linked List"; sourceTree = "<group>"; };
		074BFFD42CB774AF000773CA /* [86] Partition List */ = {isa = PBXFileSystemSynchronizedRootGroup; explicitFileTypes = {}; explicitFolders = (); path = "[86] Partition List"; sourceTree = "<group>"; };
		074BFFD92CB78071000773CA /* [143] Reorder List */ = {isa = PBXFileSystemSynchronizedRootGroup; explicitFileTypes = {}; explicitFolders = (); path = "[143] Reorder List"; sourceTree = "<group>"; };
		0752258F2D5C91FD008DBF0E /* Programmers */ = {isa = PBXFileSystemSynchronizedRootGroup; explicitFileTypes = {}; explicitFolders = (); path = Programmers; sourceTree = "<group>"; };
		077B2E822CE16E98001B9AE5 /* [113] Path Sum II */ = {isa = PBXFileSystemSynchronizedRootGroup; explicitFileTypes = {}; explicitFolders = (); path = "[113] Path Sum II"; sourceTree = "<group>"; };
		077B2EC12CE2FAAA001B9AE5 /* [543] Diameter of Binary Tree */ = {isa = PBXFileSystemSynchronizedRootGroup; explicitFileTypes = {}; explicitFolders = (); path = "[543] Diameter of Binary Tree"; sourceTree = "<group>"; };
		077B2EC62CE2FDF6001B9AE5 /* [236] Lowest Common Ancestor of a Binary Tree */ = {isa = PBXFileSystemSynchronizedRootGroup; explicitFileTypes = {}; explicitFolders = (); path = "[236] Lowest Common Ancestor of a Binary Tree"; sourceTree = "<group>"; };
		077B2ECA2CE30217001B9AE5 /* [117] Populating Next Right Pointers in Each Node II */ = {isa = PBXFileSystemSynchronizedRootGroup; explicitFileTypes = {}; explicitFolders = (); path = "[117] Populating Next Right Pointers in Each Node II"; sourceTree = "<group>"; };
		0782D0E72CBFA87E00ACD63B /* [167] Two Sum II - Input Array Is Sorted */ = {isa = PBXFileSystemSynchronizedRootGroup; explicitFileTypes = {}; explicitFolders = (); path = "[167] Two Sum II - Input Array Is Sorted"; sourceTree = "<group>"; };
		0782D0EB2CBFA90F00ACD63B /* [387] First Unique Character in a String */ = {isa = PBXFileSystemSynchronizedRootGroup; explicitFileTypes = {}; explicitFolders = (); path = "[387] First Unique Character in a String"; sourceTree = "<group>"; };
		0782D0EF2CBFAC9B00ACD63B /* [347] Top K Frequent Elements */ = {isa = PBXFileSystemSynchronizedRootGroup; explicitFileTypes = {}; explicitFolders = (); path = "[347] Top K Frequent Elements"; sourceTree = "<group>"; };
		0782D0F32CBFB58500ACD63B /* [380] Insert Delete GetRandom O(1) */ = {isa = PBXFileSystemSynchronizedRootGroup; explicitFileTypes = {}; explicitFolders = (); path = "[380] Insert Delete GetRandom O(1)"; sourceTree = "<group>"; };
		0782D0F82CC54A6100ACD63B /* [20] Valid Parentheses */ = {isa = PBXFileSystemSynchronizedRootGroup; explicitFileTypes = {}; explicitFolders = (); path = "[20] Valid Parentheses"; sourceTree = "<group>"; };
		0782D0FD2CC54C2500ACD63B /* [155] Min Stack */ = {isa = PBXFileSystemSynchronizedRootGroup; explicitFileTypes = {}; explicitFolders = (); path = "[155] Min Stack"; sourceTree = "<group>"; };
		0782D1022CC5570F00ACD63B /* [1047] Remove All Adjacent Duplicates In String */ = {isa = PBXFileSystemSynchronizedRootGroup; explicitFileTypes = {}; explicitFolders = (); path = "[1047] Remove All Adjacent Duplicates In String"; sourceTree = "<group>"; };
		0782D1062CC55E5F00ACD63B /* [622] Design Circular Queue */ = {isa = PBXFileSystemSynchronizedRootGroup; explicitFileTypes = {}; explicitFolders = (); path = "[622] Design Circular Queue"; sourceTree = "<group>"; };
		0782D10A2CC56CE800ACD63B /* [641] Design Circular Deque */ = {isa = PBXFileSystemSynchronizedRootGroup; explicitFileTypes = {}; explicitFolders = (); path = "[641] Design Circular Deque"; sourceTree = "<group>"; };
		0782D10F2CC6679E00ACD63B /* [21] Merge Two Sorted Lists */ = {isa = PBXFileSystemSynchronizedRootGroup; explicitFileTypes = {}; explicitFolders = (); path = "[21] Merge Two Sorted Lists"; sourceTree = "<group>"; };
		0782D1132CC679FE00ACD63B /* [203] Remove Linked List Elements */ = {isa = PBXFileSystemSynchronizedRootGroup; explicitFileTypes = {}; explicitFolders = (); path = "[203] Remove Linked List Elements"; sourceTree = "<group>"; };
		0782D1172CC67EA500ACD63B /* [141] Linked List Cycle */ = {isa = PBXFileSystemSynchronizedRootGroup; explicitFileTypes = {}; explicitFolders = (); path = "[141] Linked List Cycle"; sourceTree = "<group>"; };
		0782D11B2CC6825500ACD63B /* [160] Intersection of Two Linked Lists */ = {isa = PBXFileSystemSynchronizedRootGroup; explicitFileTypes = {}; explicitFolders = (); path = "[160] Intersection of Two Linked Lists"; sourceTree = "<group>"; };
		0782D11F2CC6985400ACD63B /* [205] Isomorphic Strings */ = {isa = PBXFileSystemSynchronizedRootGroup; explicitFileTypes = {}; explicitFolders = (); path = "[205] Isomorphic Strings"; sourceTree = "<group>"; };
		0782D1232CC69B2600ACD63B /* [242] Valid Anagram */ = {isa = PBXFileSystemSynchronizedRootGroup; explicitFileTypes = {}; explicitFolders = (); path = "[242] Valid Anagram"; sourceTree = "<group>"; };
		0782D1272CC69F2A00ACD63B /* [290] Word Pattern */ = {isa = PBXFileSystemSynchronizedRootGroup; explicitFileTypes = {}; explicitFolders = (); path = "[290] Word Pattern"; sourceTree = "<group>"; };
		079402E62CA34414006A309F /* [209] Minimum Size Subarray Sum */ = {isa = PBXFileSystemSynchronizedRootGroup; explicitFileTypes = {}; explicitFolders = (); path = "[209] Minimum Size Subarray Sum"; sourceTree = "<group>"; };
		07DC00502CAA6DD6003E99FA /* [724] Find Pivot Index */ = {isa = PBXFileSystemSynchronizedRootGroup; explicitFileTypes = {}; explicitFolders = (); path = "[724] Find Pivot Index"; sourceTree = "<group>"; };
		07DC00542CAA702E003E99FA /* [1480] Running Sum of 1d Array */ = {isa = PBXFileSystemSynchronizedRootGroup; explicitFileTypes = {}; explicitFolders = (); path = "[1480] Running Sum of 1d Array"; sourceTree = "<group>"; };
		07DC005E2CAD0F5F003E99FA /* [560] Subarray Sum Equals K */ = {isa = PBXFileSystemSynchronizedRootGroup; explicitFileTypes = {}; explicitFolders = (); path = "[560] Subarray Sum Equals K"; sourceTree = "<group>"; };
		07DC00622CAD135C003E99FA /* [728] Self Dividing Numbers */ = {isa = PBXFileSystemSynchronizedRootGroup; explicitFileTypes = {}; explicitFolders = (); path = "[728] Self Dividing Numbers"; sourceTree = "<group>"; };
/* End PBXFileSystemSynchronizedRootGroup section */

/* Begin PBXFrameworksBuildPhase section */
		07C818DC2BB07E060085BB83 /* Frameworks */ = {
			isa = PBXFrameworksBuildPhase;
			buildActionMask = 2147483647;
			files = (
			);
			runOnlyForDeploymentPostprocessing = 0;
		};
/* End PBXFrameworksBuildPhase section */

/* Begin PBXGroup section */
		072289132C8ECBF4007C94CF /* [118] Pascal's Triangle */ = {
			isa = PBXGroup;
			children = (
				072289142C8ECC0C007C94CF /* main.swift */,
			);
			path = "[118] Pascal's Triangle";
			sourceTree = "<group>";
		};
		07533ACB2C903AD800F5CF47 /* [136] Single Number */ = {
			isa = PBXGroup;
			children = (
				07533ACC2C903AE400F5CF47 /* main.swift */,
			);
			path = "[136] Single Number";
			sourceTree = "<group>";
		};
		07533ACE2C90417300F5CF47 /* [231] Power of Two */ = {
			isa = PBXGroup;
			children = (
				07533ACF2C90418100F5CF47 /* main.swift */,
			);
			path = "[231] Power of Two";
			sourceTree = "<group>";
		};
		07533AD12C90452900F5CF47 /* [268] Missing Number */ = {
			isa = PBXGroup;
			children = (
				07533AD22C90453500F5CF47 /* main.swift */,
			);
			path = "[268] Missing Number";
			sourceTree = "<group>";
		};
		07533AE02C92EF7B00F5CF47 /* [204] Count Primes */ = {
			isa = PBXGroup;
			children = (
				07533AE12C92EF8500F5CF47 /* main.swift */,
			);
			path = "[204] Count Primes";
			sourceTree = "<group>";
		};
		07533AE32C92FCF600F5CF47 /* [137] Single Number II */ = {
			isa = PBXGroup;
			children = (
				07533AE42C92FD0700F5CF47 /* main.swift */,
			);
			path = "[137] Single Number II";
			sourceTree = "<group>";
		};
		079A5DA12C8752A800022D26 /* LeetCode */ = {
			isa = PBXGroup;
			children = (
				072ADE352D10FE110034EE17 /* [200] Number of Islands */,
				072ADE312D10FA2D0034EE17 /* [841] Key and Rooms */,
				072ADDFD2D0D915E0034EE17 /* [783] Minimum Distance Between BST Nodes */,
				072ADDF92D0D80E80034EE17 /* [938] Range Sum of BST */,
				072ADDF52D0D7E750034EE17 /* [108] Convert Sorted Array to Binary Search Tree */,
				072ADDF02D0D75670034EE17 /* [110] Balanced Binary Tree */,
				072ADDEC2D0D4CD80034EE17 /* [235] Lowest Common Ancestor of a Binary Search Tree */,
				072ADDE72D0D47DA0034EE17 /* [98] Validate Binary Search Tree */,
				072ADDE32D0AD04B0034EE17 /* [973] K Closest Points to Origin */,
				072ADDDF2D0AC4740034EE17 /* [692] Top K Frequent Words */,
				072ADDDB2D096A470034EE17 /* [767] Reorganize String */,
				072ADDD72D0955840034EE17 /* [215] Kth Largest Element in an Array */,
				072ADDD32D08454F0034EE17 /* [606] Construct String from Binary Tree */,
				072ADDCA2D0825E10034EE17 /* [105] Construct Binary Tree from Preorder and Inorder Traversal */,
				072ADDC62D0816DB0034EE17 /* [104] Maximum Depth of Binary Tree */,
				077B2ECA2CE30217001B9AE5 /* [117] Populating Next Right Pointers in Each Node II */,
				077B2EC62CE2FDF6001B9AE5 /* [236] Lowest Common Ancestor of a Binary Tree */,
				077B2EC12CE2FAAA001B9AE5 /* [543] Diameter of Binary Tree */,
				077B2E822CE16E98001B9AE5 /* [113] Path Sum II */,
				0782D1272CC69F2A00ACD63B /* [290] Word Pattern */,
				0782D1232CC69B2600ACD63B /* [242] Valid Anagram */,
				0782D11F2CC6985400ACD63B /* [205] Isomorphic Strings */,
				0782D11B2CC6825500ACD63B /* [160] Intersection of Two Linked Lists */,
				0782D1172CC67EA500ACD63B /* [141] Linked List Cycle */,
				0782D1132CC679FE00ACD63B /* [203] Remove Linked List Elements */,
				0782D10F2CC6679E00ACD63B /* [21] Merge Two Sorted Lists */,
				0782D10A2CC56CE800ACD63B /* [641] Design Circular Deque */,
				0782D1062CC55E5F00ACD63B /* [622] Design Circular Queue */,
				0782D1022CC5570F00ACD63B /* [1047] Remove All Adjacent Duplicates In String */,
				0782D0FD2CC54C2500ACD63B /* [155] Min Stack */,
				0782D0F82CC54A6100ACD63B /* [20] Valid Parentheses */,
				0782D0F32CBFB58500ACD63B /* [380] Insert Delete GetRandom O(1) */,
				0782D0EF2CBFAC9B00ACD63B /* [347] Top K Frequent Elements */,
				0782D0EB2CBFA90F00ACD63B /* [387] First Unique Character in a String */,
				0782D0E72CBFA87E00ACD63B /* [167] Two Sum II - Input Array Is Sorted */,
				074BFFD92CB78071000773CA /* [143] Reorder List */,
				074BFFD42CB774AF000773CA /* [86] Partition List */,
				074BFFCF2CB7555F000773CA /* [206] Reverse Linked List */,
				074BFFCB2CB7544D000773CA /* [876] Middle of the Linked List */,
				07DC00622CAD135C003E99FA /* [728] Self Dividing Numbers */,
				07DC005E2CAD0F5F003E99FA /* [560] Subarray Sum Equals K */,
				07DC00542CAA702E003E99FA /* [1480] Running Sum of 1d Array */,
				07DC00502CAA6DD6003E99FA /* [724] Find Pivot Index */,
				079402E62CA34414006A309F /* [209] Minimum Size Subarray Sum */,
				0713EF092CA32CA40044BB6B /* [125] Valid Palindrome */,
				07533AE32C92FCF600F5CF47 /* [137] Single Number II */,
				07533AE02C92EF7B00F5CF47 /* [204] Count Primes */,
				07533AD12C90452900F5CF47 /* [268] Missing Number */,
				07533ACE2C90417300F5CF47 /* [231] Power of Two */,
				07533ACB2C903AD800F5CF47 /* [136] Single Number */,
				072289132C8ECBF4007C94CF /* [118] Pascal's Triangle */,
				07AD2BE92C894FCA00E5C3A1 /* [258] Add Digits */,
				07AD2BE62C894B2F00E5C3A1 /* [263] Ugly Number */,
				079A5DA42C8752BD00022D26 /* [202] Happy Number */,
			);
			path = LeetCode;
			sourceTree = "<group>";
		};
		079A5DA42C8752BD00022D26 /* [202] Happy Number */ = {
			isa = PBXGroup;
			children = (
				079A5DA22C8752AE00022D26 /* main.swift */,
			);
			path = "[202] Happy Number";
			sourceTree = "<group>";
		};
		07AD2BE62C894B2F00E5C3A1 /* [263] Ugly Number */ = {
			isa = PBXGroup;
			children = (
				07AD2BE72C894B3E00E5C3A1 /* main.swift */,
			);
			path = "[263] Ugly Number";
			sourceTree = "<group>";
		};
		07AD2BE92C894FCA00E5C3A1 /* [258] Add Digits */ = {
			isa = PBXGroup;
			children = (
				07AD2BEA2C894FD600E5C3A1 /* main.swift */,
			);
			path = "[258] Add Digits";
			sourceTree = "<group>";
		};
		07C818D62BB07E060085BB83 = {
			isa = PBXGroup;
			children = (
				07C818E12BB07E060085BB83 /* Algorithm */,
				07C818E02BB07E060085BB83 /* Products */,
			);
			sourceTree = "<group>";
		};
		07C818E02BB07E060085BB83 /* Products */ = {
			isa = PBXGroup;
			children = (
				07C818DF2BB07E060085BB83 /* Algorithm */,
			);
			name = Products;
			sourceTree = "<group>";
		};
		07C818E12BB07E060085BB83 /* Algorithm */ = {
			isa = PBXGroup;
			children = (
				0752258F2D5C91FD008DBF0E /* Programmers */,
				079A5DA12C8752A800022D26 /* LeetCode */,
				07C818F62BB080170085BB83 /* BOJ */,
			);
			path = Algorithm;
			sourceTree = "<group>";
		};
		07C818F62BB080170085BB83 /* BOJ */ = {
			isa = PBXGroup;
			children = (
				07094C712D895360002D04AA /* Gold */,
				07094C702D89535B002D04AA /* Silver */,
				07094C6F2D895357002D04AA /* Bronze */,
			);
			path = BOJ;
			sourceTree = "<group>";
		};
/* End PBXGroup section */

/* Begin PBXNativeTarget section */
		07C818DE2BB07E060085BB83 /* Algorithm */ = {
			isa = PBXNativeTarget;
			buildConfigurationList = 07C818E62BB07E060085BB83 /* Build configuration list for PBXNativeTarget "Algorithm" */;
			buildPhases = (
				07C818DB2BB07E060085BB83 /* Sources */,
				07C818DC2BB07E060085BB83 /* Frameworks */,
				07C818DD2BB07E060085BB83 /* CopyFiles */,
			);
			buildRules = (
			);
			dependencies = (
			);
			name = Algorithm;
			productName = Algorithm;
			productReference = 07C818DF2BB07E060085BB83 /* Algorithm */;
			productType = "com.apple.product-type.tool";
		};
/* End PBXNativeTarget section */

/* Begin PBXProject section */
		07C818D72BB07E060085BB83 /* Project object */ = {
			isa = PBXProject;
			attributes = {
				BuildIndependentTargetsInParallel = 1;
				LastSwiftUpdateCheck = 1530;
				LastUpgradeCheck = 1530;
				TargetAttributes = {
					07C818DE2BB07E060085BB83 = {
						CreatedOnToolsVersion = 15.3;
						LastSwiftMigration = 1620;
					};
				};
			};
			buildConfigurationList = 07C818DA2BB07E060085BB83 /* Build configuration list for PBXProject "Algorithm" */;
			compatibilityVersion = "Xcode 14.0";
			developmentRegion = en;
			hasScannedForEncodings = 0;
			knownRegions = (
				en,
				Base,
			);
			mainGroup = 07C818D62BB07E060085BB83;
			packageReferences = (
				0782D10E2CC5812F00ACD63B /* XCRemoteSwiftPackageReference "swift-collections" */,
			);
			productRefGroup = 07C818E02BB07E060085BB83 /* Products */;
			projectDirPath = "";
			projectRoot = "";
			targets = (
				07C818DE2BB07E060085BB83 /* Algorithm */,
			);
		};
/* End PBXProject section */

/* Begin PBXSourcesBuildPhase section */
		07C818DB2BB07E060085BB83 /* Sources */ = {
			isa = PBXSourcesBuildPhase;
			buildActionMask = 2147483647;
			files = (
			);
			runOnlyForDeploymentPostprocessing = 0;
		};
/* End PBXSourcesBuildPhase section */

/* Begin XCBuildConfiguration section */
		07C818E42BB07E060085BB83 /* Debug */ = {
			isa = XCBuildConfiguration;
			buildSettings = {
				ALWAYS_SEARCH_USER_PATHS = NO;
				ASSETCATALOG_COMPILER_GENERATE_SWIFT_ASSET_SYMBOL_EXTENSIONS = YES;
				CLANG_ANALYZER_NONNULL = YES;
				CLANG_ANALYZER_NUMBER_OBJECT_CONVERSION = YES_AGGRESSIVE;
				CLANG_CXX_LANGUAGE_STANDARD = "gnu++20";
				CLANG_ENABLE_MODULES = YES;
				CLANG_ENABLE_OBJC_ARC = YES;
				CLANG_ENABLE_OBJC_WEAK = YES;
				CLANG_WARN_BLOCK_CAPTURE_AUTORELEASING = YES;
				CLANG_WARN_BOOL_CONVERSION = YES;
				CLANG_WARN_COMMA = YES;
				CLANG_WARN_CONSTANT_CONVERSION = YES;
				CLANG_WARN_DEPRECATED_OBJC_IMPLEMENTATIONS = YES;
				CLANG_WARN_DIRECT_OBJC_ISA_USAGE = YES_ERROR;
				CLANG_WARN_DOCUMENTATION_COMMENTS = YES;
				CLANG_WARN_EMPTY_BODY = YES;
				CLANG_WARN_ENUM_CONVERSION = YES;
				CLANG_WARN_INFINITE_RECURSION = YES;
				CLANG_WARN_INT_CONVERSION = YES;
				CLANG_WARN_NON_LITERAL_NULL_CONVERSION = YES;
				CLANG_WARN_OBJC_IMPLICIT_RETAIN_SELF = YES;
				CLANG_WARN_OBJC_LITERAL_CONVERSION = YES;
				CLANG_WARN_OBJC_ROOT_CLASS = YES_ERROR;
				CLANG_WARN_QUOTED_INCLUDE_IN_FRAMEWORK_HEADER = YES;
				CLANG_WARN_RANGE_LOOP_ANALYSIS = YES;
				CLANG_WARN_STRICT_PROTOTYPES = YES;
				CLANG_WARN_SUSPICIOUS_MOVE = YES;
				CLANG_WARN_UNGUARDED_AVAILABILITY = YES_AGGRESSIVE;
				CLANG_WARN_UNREACHABLE_CODE = YES;
				CLANG_WARN__DUPLICATE_METHOD_MATCH = YES;
				COPY_PHASE_STRIP = NO;
				DEBUG_INFORMATION_FORMAT = dwarf;
				ENABLE_STRICT_OBJC_MSGSEND = YES;
				ENABLE_TESTABILITY = YES;
				ENABLE_USER_SCRIPT_SANDBOXING = YES;
				GCC_C_LANGUAGE_STANDARD = gnu17;
				GCC_DYNAMIC_NO_PIC = NO;
				GCC_NO_COMMON_BLOCKS = YES;
				GCC_OPTIMIZATION_LEVEL = 0;
				GCC_PREPROCESSOR_DEFINITIONS = (
					"DEBUG=1",
					"$(inherited)",
				);
				GCC_WARN_64_TO_32_BIT_CONVERSION = YES;
				GCC_WARN_ABOUT_RETURN_TYPE = YES_ERROR;
				GCC_WARN_UNDECLARED_SELECTOR = YES;
				GCC_WARN_UNINITIALIZED_AUTOS = YES_AGGRESSIVE;
				GCC_WARN_UNUSED_FUNCTION = YES;
				GCC_WARN_UNUSED_VARIABLE = YES;
				LOCALIZATION_PREFERS_STRING_CATALOGS = YES;
				MACOSX_DEPLOYMENT_TARGET = 14.1;
				MTL_ENABLE_DEBUG_INFO = INCLUDE_SOURCE;
				MTL_FAST_MATH = YES;
				ONLY_ACTIVE_ARCH = YES;
				SDKROOT = macosx;
				SWIFT_ACTIVE_COMPILATION_CONDITIONS = "DEBUG $(inherited)";
				SWIFT_OPTIMIZATION_LEVEL = "-Onone";
			};
			name = Debug;
		};
		07C818E52BB07E060085BB83 /* Release */ = {
			isa = XCBuildConfiguration;
			buildSettings = {
				ALWAYS_SEARCH_USER_PATHS = NO;
				ASSETCATALOG_COMPILER_GENERATE_SWIFT_ASSET_SYMBOL_EXTENSIONS = YES;
				CLANG_ANALYZER_NONNULL = YES;
				CLANG_ANALYZER_NUMBER_OBJECT_CONVERSION = YES_AGGRESSIVE;
				CLANG_CXX_LANGUAGE_STANDARD = "gnu++20";
				CLANG_ENABLE_MODULES = YES;
				CLANG_ENABLE_OBJC_ARC = YES;
				CLANG_ENABLE_OBJC_WEAK = YES;
				CLANG_WARN_BLOCK_CAPTURE_AUTORELEASING = YES;
				CLANG_WARN_BOOL_CONVERSION = YES;
				CLANG_WARN_COMMA = YES;
				CLANG_WARN_CONSTANT_CONVERSION = YES;
				CLANG_WARN_DEPRECATED_OBJC_IMPLEMENTATIONS = YES;
				CLANG_WARN_DIRECT_OBJC_ISA_USAGE = YES_ERROR;
				CLANG_WARN_DOCUMENTATION_COMMENTS = YES;
				CLANG_WARN_EMPTY_BODY = YES;
				CLANG_WARN_ENUM_CONVERSION = YES;
				CLANG_WARN_INFINITE_RECURSION = YES;
				CLANG_WARN_INT_CONVERSION = YES;
				CLANG_WARN_NON_LITERAL_NULL_CONVERSION = YES;
				CLANG_WARN_OBJC_IMPLICIT_RETAIN_SELF = YES;
				CLANG_WARN_OBJC_LITERAL_CONVERSION = YES;
				CLANG_WARN_OBJC_ROOT_CLASS = YES_ERROR;
				CLANG_WARN_QUOTED_INCLUDE_IN_FRAMEWORK_HEADER = YES;
				CLANG_WARN_RANGE_LOOP_ANALYSIS = YES;
				CLANG_WARN_STRICT_PROTOTYPES = YES;
				CLANG_WARN_SUSPICIOUS_MOVE = YES;
				CLANG_WARN_UNGUARDED_AVAILABILITY = YES_AGGRESSIVE;
				CLANG_WARN_UNREACHABLE_CODE = YES;
				CLANG_WARN__DUPLICATE_METHOD_MATCH = YES;
				COPY_PHASE_STRIP = NO;
				DEBUG_INFORMATION_FORMAT = "dwarf-with-dsym";
				ENABLE_NS_ASSERTIONS = NO;
				ENABLE_STRICT_OBJC_MSGSEND = YES;
				ENABLE_USER_SCRIPT_SANDBOXING = YES;
				GCC_C_LANGUAGE_STANDARD = gnu17;
				GCC_NO_COMMON_BLOCKS = YES;
				GCC_WARN_64_TO_32_BIT_CONVERSION = YES;
				GCC_WARN_ABOUT_RETURN_TYPE = YES_ERROR;
				GCC_WARN_UNDECLARED_SELECTOR = YES;
				GCC_WARN_UNINITIALIZED_AUTOS = YES_AGGRESSIVE;
				GCC_WARN_UNUSED_FUNCTION = YES;
				GCC_WARN_UNUSED_VARIABLE = YES;
				LOCALIZATION_PREFERS_STRING_CATALOGS = YES;
				MACOSX_DEPLOYMENT_TARGET = 14.1;
				MTL_ENABLE_DEBUG_INFO = NO;
				MTL_FAST_MATH = YES;
				SDKROOT = macosx;
				SWIFT_COMPILATION_MODE = wholemodule;
			};
			name = Release;
		};
		07C818E72BB07E060085BB83 /* Debug */ = {
			isa = XCBuildConfiguration;
			buildSettings = {
				CLANG_ENABLE_MODULES = YES;
				CODE_SIGN_STYLE = Automatic;
				DEVELOPMENT_TEAM = VGKCD7Q8NW;
				ENABLE_HARDENED_RUNTIME = YES;
				PRODUCT_NAME = "$(TARGET_NAME)";
				SWIFT_OPTIMIZATION_LEVEL = "-Onone";
				SWIFT_VERSION = 5.0;
			};
			name = Debug;
		};
		07C818E82BB07E060085BB83 /* Release */ = {
			isa = XCBuildConfiguration;
			buildSettings = {
				CLANG_ENABLE_MODULES = YES;
				CODE_SIGN_STYLE = Automatic;
				DEVELOPMENT_TEAM = VGKCD7Q8NW;
				ENABLE_HARDENED_RUNTIME = YES;
				PRODUCT_NAME = "$(TARGET_NAME)";
				SWIFT_VERSION = 5.0;
			};
			name = Release;
		};
/* End XCBuildConfiguration section */

/* Begin XCConfigurationList section */
		07C818DA2BB07E060085BB83 /* Build configuration list for PBXProject "Algorithm" */ = {
			isa = XCConfigurationList;
			buildConfigurations = (
				07C818E42BB07E060085BB83 /* Debug */,
				07C818E52BB07E060085BB83 /* Release */,
			);
			defaultConfigurationIsVisible = 0;
			defaultConfigurationName = Release;
		};
		07C818E62BB07E060085BB83 /* Build configuration list for PBXNativeTarget "Algorithm" */ = {
			isa = XCConfigurationList;
			buildConfigurations = (
				07C818E72BB07E060085BB83 /* Debug */,
				07C818E82BB07E060085BB83 /* Release */,
			);
			defaultConfigurationIsVisible = 0;
			defaultConfigurationName = Release;
		};
/* End XCConfigurationList section */

/* Begin XCRemoteSwiftPackageReference section */
		0782D10E2CC5812F00ACD63B /* XCRemoteSwiftPackageReference "swift-collections" */ = {
			isa = XCRemoteSwiftPackageReference;
			repositoryURL = "https://github.com/apple/swift-collections.git";
			requirement = {
				kind = upToNextMajorVersion;
				minimumVersion = 1.1.4;
			};
		};
/* End XCRemoteSwiftPackageReference section */
	};
	rootObject = 07C818D72BB07E060085BB83 /* Project object */;
}
