// !$*UTF8*$!
{
	archiveVersion = 1;
	classes = {
	};
	objectVersion = 56;
	objects = {

/* Begin PBXBuildFile section */
		07883C622BB6FFD900AE760C /* main.swift in Sources */ = {isa = PBXBuildFile; fileRef = 07883C612BB6FFD900AE760C /* main.swift */; };
/* End PBXBuildFile section */

/* Begin PBXCopyFilesBuildPhase section */
		07C818DD2BB07E060085BB83 /* CopyFiles */ = {
			isa = PBXCopyFilesBuildPhase;
			buildActionMask = 2147483647;
			dstPath = /usr/share/man/man1/;
			dstSubfolderSpec = 0;
			files = (
			);
			runOnlyForDeploymentPostprocessing = 1;
		};
/* End PBXCopyFilesBuildPhase section */

/* Begin PBXFileReference section */
		073284D32BB4628700ADE8E3 /* main.swift */ = {isa = PBXFileReference; lastKnownFileType = sourcecode.swift; path = main.swift; sourceTree = "<group>"; };
		073284D62BB467E500ADE8E3 /* main.swift */ = {isa = PBXFileReference; lastKnownFileType = sourcecode.swift; path = main.swift; sourceTree = "<group>"; };
		073284D92BB4696600ADE8E3 /* main.swift */ = {isa = PBXFileReference; lastKnownFileType = sourcecode.swift; path = main.swift; sourceTree = "<group>"; };
		07883C5E2BB6FB7000AE760C /* main.swift */ = {isa = PBXFileReference; lastKnownFileType = sourcecode.swift; path = main.swift; sourceTree = "<group>"; };
		07883C612BB6FFD900AE760C /* main.swift */ = {isa = PBXFileReference; lastKnownFileType = sourcecode.swift; path = main.swift; sourceTree = "<group>"; };
		07C818DF2BB07E060085BB83 /* Algorithm */ = {isa = PBXFileReference; explicitFileType = "compiled.mach-o.executable"; includeInIndex = 0; path = Algorithm; sourceTree = BUILT_PRODUCTS_DIR; };
		07C818E22BB07E060085BB83 /* main.swift */ = {isa = PBXFileReference; lastKnownFileType = sourcecode.swift; path = main.swift; sourceTree = "<group>"; };
		07C818EB2BB07E9C0085BB83 /* main.swift */ = {isa = PBXFileReference; fileEncoding = 4; lastKnownFileType = sourcecode.swift; path = main.swift; sourceTree = "<group>"; };
		07C818EC2BB07E9C0085BB83 /* main.swift */ = {isa = PBXFileReference; fileEncoding = 4; lastKnownFileType = sourcecode.swift; path = main.swift; sourceTree = "<group>"; };
		07C818ED2BB07E9C0085BB83 /* main.swift */ = {isa = PBXFileReference; fileEncoding = 4; lastKnownFileType = sourcecode.swift; path = main.swift; sourceTree = "<group>"; };
		07C818EE2BB07E9C0085BB83 /* linkedlist.swift */ = {isa = PBXFileReference; fileEncoding = 4; lastKnownFileType = sourcecode.swift; path = linkedlist.swift; sourceTree = "<group>"; };
/* End PBXFileReference section */

/* Begin PBXFrameworksBuildPhase section */
		07C818DC2BB07E060085BB83 /* Frameworks */ = {
			isa = PBXFrameworksBuildPhase;
			buildActionMask = 2147483647;
			files = (
			);
			runOnlyForDeploymentPostprocessing = 0;
		};
/* End PBXFrameworksBuildPhase section */

/* Begin PBXGroup section */
		073284D22BB4622C00ADE8E3 /* [BOJ_1330] 두 수 비교하기 */ = {
			isa = PBXGroup;
			children = (
				073284D32BB4628700ADE8E3 /* main.swift */,
			);
			name = "[BOJ_1330] 두 수 비교하기";
			path = "[BOJ_1330] 두 수 비교하기";
			sourceTree = "<group>";
		};
		073284D52BB467C500ADE8E3 /* [BOJ_9498] 시험 성적 */ = {
			isa = PBXGroup;
			children = (
				073284D62BB467E500ADE8E3 /* main.swift */,
			);
			name = "[BOJ_9498] 시험 성적";
			path = "[BOJ_9498] 시험 성적";
			sourceTree = "<group>";
		};
		073284D82BB4694800ADE8E3 /* [BOJ_2753] 윤년 */ = {
			isa = PBXGroup;
			children = (
				073284D92BB4696600ADE8E3 /* main.swift */,
			);
			name = "[BOJ_2753] 윤년";
			path = "[BOJ_2753] 윤년";
			sourceTree = "<group>";
		};
		07363C7B2BB0804600B3F7B0 /* [BOJ_2588] 곱셈 */ = {
			isa = PBXGroup;
			children = (
				07C818EB2BB07E9C0085BB83 /* main.swift */,
			);
			name = "[BOJ_2588] 곱셈";
			path = "[BOJ_2588] 곱셈";
			sourceTree = "<group>";
		};
		07363C7C2BB0807500B3F7B0 /* [BOJ_10430] 나머지 */ = {
			isa = PBXGroup;
			children = (
				07C818EC2BB07E9C0085BB83 /* main.swift */,
			);
			name = "[BOJ_10430] 나머지";
			path = "[BOJ_10430] 나머지";
			sourceTree = "<group>";
		};
		07363C7E2BB080C400B3F7B0 /* [BOJ_18108] 연도변환 */ = {
			isa = PBXGroup;
			children = (
				07C818ED2BB07E9C0085BB83 /* main.swift */,
			);
			name = "[BOJ_18108] 연도변환";
			path = "[BOJ_18108] 연도변환";
			sourceTree = "<group>";
		};
		077CB7032BB0826500907415 /* [BOJ_11382] 꼬마 정민 */ = {
			isa = PBXGroup;
			children = (
				07C818E22BB07E060085BB83 /* main.swift */,
			);
			name = "[BOJ_11382] 꼬마 정민";
			path = "[BOJ_11382] 꼬마 정민";
			sourceTree = "<group>";
		};
		07883C5D2BB6FB5900AE760C /* [BOJ_14681] 사분면 고르기 */ = {
			isa = PBXGroup;
			children = (
				07883C5E2BB6FB7000AE760C /* main.swift */,
			);
			name = "[BOJ_14681] 사분면 고르기";
			path = "[BOJ_14681] 사분면 고르기";
			sourceTree = "<group>";
		};
		07883C602BB6FF5C00AE760C /* [BOJ_2884] 알람 시계 */ = {
			isa = PBXGroup;
			children = (
				07883C612BB6FFD900AE760C /* main.swift */,
			);
			name = "[BOJ_2884] 알람 시계";
			path = "[BOJ_2884] 알람 시계";
			sourceTree = "<group>";
		};
		07C818D62BB07E060085BB83 = {
			isa = PBXGroup;
			children = (
				07C818E12BB07E060085BB83 /* Algorithm */,
				07C818E02BB07E060085BB83 /* Products */,
			);
			sourceTree = "<group>";
		};
		07C818E02BB07E060085BB83 /* Products */ = {
			isa = PBXGroup;
			children = (
				07C818DF2BB07E060085BB83 /* Algorithm */,
			);
			name = Products;
			sourceTree = "<group>";
		};
		07C818E12BB07E060085BB83 /* Algorithm */ = {
			isa = PBXGroup;
			children = (
				07C818F62BB080170085BB83 /* BaekJoon */,
				07C818EE2BB07E9C0085BB83 /* linkedlist.swift */,
			);
			path = Algorithm;
			sourceTree = "<group>";
		};
		07C818F62BB080170085BB83 /* BaekJoon */ = {
			isa = PBXGroup;
			children = (
				07883C602BB6FF5C00AE760C /* [BOJ_2884] 알람 시계 */,
				07883C5D2BB6FB5900AE760C /* [BOJ_14681] 사분면 고르기 */,
				073284D82BB4694800ADE8E3 /* [BOJ_2753] 윤년 */,
				073284D52BB467C500ADE8E3 /* [BOJ_9498] 시험 성적 */,
				073284D22BB4622C00ADE8E3 /* [BOJ_1330] 두 수 비교하기 */,
				077CB7032BB0826500907415 /* [BOJ_11382] 꼬마 정민 */,
				07363C7E2BB080C400B3F7B0 /* [BOJ_18108] 연도변환 */,
				07363C7C2BB0807500B3F7B0 /* [BOJ_10430] 나머지 */,
				07363C7B2BB0804600B3F7B0 /* [BOJ_2588] 곱셈 */,
			);
			path = BaekJoon;
			sourceTree = "<group>";
		};
/* End PBXGroup section */

/* Begin PBXNativeTarget section */
		07C818DE2BB07E060085BB83 /* Algorithm */ = {
			isa = PBXNativeTarget;
			buildConfigurationList = 07C818E62BB07E060085BB83 /* Build configuration list for PBXNativeTarget "Algorithm" */;
			buildPhases = (
				07C818DB2BB07E060085BB83 /* Sources */,
				07C818DC2BB07E060085BB83 /* Frameworks */,
				07C818DD2BB07E060085BB83 /* CopyFiles */,
			);
			buildRules = (
			);
			dependencies = (
			);
			name = Algorithm;
			productName = Algorithm;
			productReference = 07C818DF2BB07E060085BB83 /* Algorithm */;
			productType = "com.apple.product-type.tool";
		};
/* End PBXNativeTarget section */

/* Begin PBXProject section */
		07C818D72BB07E060085BB83 /* Project object */ = {
			isa = PBXProject;
			attributes = {
				BuildIndependentTargetsInParallel = 1;
				LastSwiftUpdateCheck = 1530;
				LastUpgradeCheck = 1530;
				TargetAttributes = {
					07C818DE2BB07E060085BB83 = {
						CreatedOnToolsVersion = 15.3;
						LastSwiftMigration = 1530;
					};
				};
			};
			buildConfigurationList = 07C818DA2BB07E060085BB83 /* Build configuration list for PBXProject "Algorithm" */;
			compatibilityVersion = "Xcode 14.0";
			developmentRegion = en;
			hasScannedForEncodings = 0;
			knownRegions = (
				en,
				Base,
			);
			mainGroup = 07C818D62BB07E060085BB83;
			productRefGroup = 07C818E02BB07E060085BB83 /* Products */;
			projectDirPath = "";
			projectRoot = "";
			targets = (
				07C818DE2BB07E060085BB83 /* Algorithm */,
			);
		};
/* End PBXProject section */

/* Begin PBXSourcesBuildPhase section */
		07C818DB2BB07E060085BB83 /* Sources */ = {
			isa = PBXSourcesBuildPhase;
			buildActionMask = 2147483647;
			files = (
				07883C622BB6FFD900AE760C /* main.swift in Sources */,
			);
			runOnlyForDeploymentPostprocessing = 0;
		};
/* End PBXSourcesBuildPhase section */

/* Begin XCBuildConfiguration section */
		07C818E42BB07E060085BB83 /* Debug */ = {
			isa = XCBuildConfiguration;
			buildSettings = {
				ALWAYS_SEARCH_USER_PATHS = NO;
				ASSETCATALOG_COMPILER_GENERATE_SWIFT_ASSET_SYMBOL_EXTENSIONS = YES;
				CLANG_ANALYZER_NONNULL = YES;
				CLANG_ANALYZER_NUMBER_OBJECT_CONVERSION = YES_AGGRESSIVE;
				CLANG_CXX_LANGUAGE_STANDARD = "gnu++20";
				CLANG_ENABLE_MODULES = YES;
				CLANG_ENABLE_OBJC_ARC = YES;
				CLANG_ENABLE_OBJC_WEAK = YES;
				CLANG_WARN_BLOCK_CAPTURE_AUTORELEASING = YES;
				CLANG_WARN_BOOL_CONVERSION = YES;
				CLANG_WARN_COMMA = YES;
				CLANG_WARN_CONSTANT_CONVERSION = YES;
				CLANG_WARN_DEPRECATED_OBJC_IMPLEMENTATIONS = YES;
				CLANG_WARN_DIRECT_OBJC_ISA_USAGE = YES_ERROR;
				CLANG_WARN_DOCUMENTATION_COMMENTS = YES;
				CLANG_WARN_EMPTY_BODY = YES;
				CLANG_WARN_ENUM_CONVERSION = YES;
				CLANG_WARN_INFINITE_RECURSION = YES;
				CLANG_WARN_INT_CONVERSION = YES;
				CLANG_WARN_NON_LITERAL_NULL_CONVERSION = YES;
				CLANG_WARN_OBJC_IMPLICIT_RETAIN_SELF = YES;
				CLANG_WARN_OBJC_LITERAL_CONVERSION = YES;
				CLANG_WARN_OBJC_ROOT_CLASS = YES_ERROR;
				CLANG_WARN_QUOTED_INCLUDE_IN_FRAMEWORK_HEADER = YES;
				CLANG_WARN_RANGE_LOOP_ANALYSIS = YES;
				CLANG_WARN_STRICT_PROTOTYPES = YES;
				CLANG_WARN_SUSPICIOUS_MOVE = YES;
				CLANG_WARN_UNGUARDED_AVAILABILITY = YES_AGGRESSIVE;
				CLANG_WARN_UNREACHABLE_CODE = YES;
				CLANG_WARN__DUPLICATE_METHOD_MATCH = YES;
				COPY_PHASE_STRIP = NO;
				DEBUG_INFORMATION_FORMAT = dwarf;
				ENABLE_STRICT_OBJC_MSGSEND = YES;
				ENABLE_TESTABILITY = YES;
				ENABLE_USER_SCRIPT_SANDBOXING = YES;
				GCC_C_LANGUAGE_STANDARD = gnu17;
				GCC_DYNAMIC_NO_PIC = NO;
				GCC_NO_COMMON_BLOCKS = YES;
				GCC_OPTIMIZATION_LEVEL = 0;
				GCC_PREPROCESSOR_DEFINITIONS = (
					"DEBUG=1",
					"$(inherited)",
				);
				GCC_WARN_64_TO_32_BIT_CONVERSION = YES;
				GCC_WARN_ABOUT_RETURN_TYPE = YES_ERROR;
				GCC_WARN_UNDECLARED_SELECTOR = YES;
				GCC_WARN_UNINITIALIZED_AUTOS = YES_AGGRESSIVE;
				GCC_WARN_UNUSED_FUNCTION = YES;
				GCC_WARN_UNUSED_VARIABLE = YES;
				LOCALIZATION_PREFERS_STRING_CATALOGS = YES;
				MACOSX_DEPLOYMENT_TARGET = 14.1;
				MTL_ENABLE_DEBUG_INFO = INCLUDE_SOURCE;
				MTL_FAST_MATH = YES;
				ONLY_ACTIVE_ARCH = YES;
				SDKROOT = macosx;
				SWIFT_ACTIVE_COMPILATION_CONDITIONS = "DEBUG $(inherited)";
				SWIFT_OPTIMIZATION_LEVEL = "-Onone";
			};
			name = Debug;
		};
		07C818E52BB07E060085BB83 /* Release */ = {
			isa = XCBuildConfiguration;
			buildSettings = {
				ALWAYS_SEARCH_USER_PATHS = NO;
				ASSETCATALOG_COMPILER_GENERATE_SWIFT_ASSET_SYMBOL_EXTENSIONS = YES;
				CLANG_ANALYZER_NONNULL = YES;
				CLANG_ANALYZER_NUMBER_OBJECT_CONVERSION = YES_AGGRESSIVE;
				CLANG_CXX_LANGUAGE_STANDARD = "gnu++20";
				CLANG_ENABLE_MODULES = YES;
				CLANG_ENABLE_OBJC_ARC = YES;
				CLANG_ENABLE_OBJC_WEAK = YES;
				CLANG_WARN_BLOCK_CAPTURE_AUTORELEASING = YES;
				CLANG_WARN_BOOL_CONVERSION = YES;
				CLANG_WARN_COMMA = YES;
				CLANG_WARN_CONSTANT_CONVERSION = YES;
				CLANG_WARN_DEPRECATED_OBJC_IMPLEMENTATIONS = YES;
				CLANG_WARN_DIRECT_OBJC_ISA_USAGE = YES_ERROR;
				CLANG_WARN_DOCUMENTATION_COMMENTS = YES;
				CLANG_WARN_EMPTY_BODY = YES;
				CLANG_WARN_ENUM_CONVERSION = YES;
				CLANG_WARN_INFINITE_RECURSION = YES;
				CLANG_WARN_INT_CONVERSION = YES;
				CLANG_WARN_NON_LITERAL_NULL_CONVERSION = YES;
				CLANG_WARN_OBJC_IMPLICIT_RETAIN_SELF = YES;
				CLANG_WARN_OBJC_LITERAL_CONVERSION = YES;
				CLANG_WARN_OBJC_ROOT_CLASS = YES_ERROR;
				CLANG_WARN_QUOTED_INCLUDE_IN_FRAMEWORK_HEADER = YES;
				CLANG_WARN_RANGE_LOOP_ANALYSIS = YES;
				CLANG_WARN_STRICT_PROTOTYPES = YES;
				CLANG_WARN_SUSPICIOUS_MOVE = YES;
				CLANG_WARN_UNGUARDED_AVAILABILITY = YES_AGGRESSIVE;
				CLANG_WARN_UNREACHABLE_CODE = YES;
				CLANG_WARN__DUPLICATE_METHOD_MATCH = YES;
				COPY_PHASE_STRIP = NO;
				DEBUG_INFORMATION_FORMAT = "dwarf-with-dsym";
				ENABLE_NS_ASSERTIONS = NO;
				ENABLE_STRICT_OBJC_MSGSEND = YES;
				ENABLE_USER_SCRIPT_SANDBOXING = YES;
				GCC_C_LANGUAGE_STANDARD = gnu17;
				GCC_NO_COMMON_BLOCKS = YES;
				GCC_WARN_64_TO_32_BIT_CONVERSION = YES;
				GCC_WARN_ABOUT_RETURN_TYPE = YES_ERROR;
				GCC_WARN_UNDECLARED_SELECTOR = YES;
				GCC_WARN_UNINITIALIZED_AUTOS = YES_AGGRESSIVE;
				GCC_WARN_UNUSED_FUNCTION = YES;
				GCC_WARN_UNUSED_VARIABLE = YES;
				LOCALIZATION_PREFERS_STRING_CATALOGS = YES;
				MACOSX_DEPLOYMENT_TARGET = 14.1;
				MTL_ENABLE_DEBUG_INFO = NO;
				MTL_FAST_MATH = YES;
				SDKROOT = macosx;
				SWIFT_COMPILATION_MODE = wholemodule;
			};
			name = Release;
		};
		07C818E72BB07E060085BB83 /* Debug */ = {
			isa = XCBuildConfiguration;
			buildSettings = {
				CLANG_ENABLE_MODULES = YES;
				CODE_SIGN_STYLE = Automatic;
				DEVELOPMENT_TEAM = VGKCD7Q8NW;
				ENABLE_HARDENED_RUNTIME = YES;
				PRODUCT_NAME = "$(TARGET_NAME)";
				SWIFT_OPTIMIZATION_LEVEL = "-Onone";
				SWIFT_VERSION = 5.0;
			};
			name = Debug;
		};
		07C818E82BB07E060085BB83 /* Release */ = {
			isa = XCBuildConfiguration;
			buildSettings = {
				CLANG_ENABLE_MODULES = YES;
				CODE_SIGN_STYLE = Automatic;
				DEVELOPMENT_TEAM = VGKCD7Q8NW;
				ENABLE_HARDENED_RUNTIME = YES;
				PRODUCT_NAME = "$(TARGET_NAME)";
				SWIFT_VERSION = 5.0;
			};
			name = Release;
		};
/* End XCBuildConfiguration section */

/* Begin XCConfigurationList section */
		07C818DA2BB07E060085BB83 /* Build configuration list for PBXProject "Algorithm" */ = {
			isa = XCConfigurationList;
			buildConfigurations = (
				07C818E42BB07E060085BB83 /* Debug */,
				07C818E52BB07E060085BB83 /* Release */,
			);
			defaultConfigurationIsVisible = 0;
			defaultConfigurationName = Release;
		};
		07C818E62BB07E060085BB83 /* Build configuration list for PBXNativeTarget "Algorithm" */ = {
			isa = XCConfigurationList;
			buildConfigurations = (
				07C818E72BB07E060085BB83 /* Debug */,
				07C818E82BB07E060085BB83 /* Release */,
			);
			defaultConfigurationIsVisible = 0;
			defaultConfigurationName = Release;
		};
/* End XCConfigurationList section */
	};
	rootObject = 07C818D72BB07E060085BB83 /* Project object */;
}
